<Solution>
  <Project Path="FlatCopy.FileSystemServices.Tests/FlatCopy.FileSystemServices.Tests.csproj" Id="6abe8cf0-2fe8-4dfb-96d8-0bf2eb7d5d5c" />
  <Project Path="FlatCopy.FileSystemServices/FlatCopy.FileSystemServices.csproj" Id="cbc920ce-0eae-4bb4-b1a5-03d15819167d" />
  <Project Path="FlatCopy/FlatCopy.csproj" />
</Solution>
