<Solution>
  <Project Path="FlatCopy.FileSystemServices.Tests/FlatCopy.FileSystemServices.Tests.csproj" Id="25e39190-1ff5-488a-be23-4055701f9f6e" />
  <Project Path="FlatCopy.FileSystemServices/FlatCopy.FileSystemServices.csproj" Id="cbc920ce-0eae-4bb4-b1a5-03d15819167d" />
  <Project Path="FlatCopy/FlatCopy.csproj" />
</Solution>
